// !$*UTF8*$!
{
	archiveVersion = 1;
	classes = {
	};
	objectVersion = 48;
	objects = {

/* Begin PBXBuildFile section */
		C3E8B89320E40019008C2EC2 /* AppDelegate.swift in Sources */ = {isa = PBXBuildFile; fileRef = C3E8B89220E40019008C2EC2 /* AppDelegate.swift */; };
		C3E8B89520E40019008C2EC2 /* ViewController.swift in Sources */ = {isa = PBXBuildFile; fileRef = C3E8B89420E40019008C2EC2 /* ViewController.swift */; };
		C3E8B89820E40019008C2EC2 /* Main.storyboard in Resources */ = {isa = PBXBuildFile; fileRef = C3E8B89620E40019008C2EC2 /* Main.storyboard */; };
		C3E8B89A20E40019008C2EC2 /* Assets.xcassets in Resources */ = {isa = PBXBuildFile; fileRef = C3E8B89920E40019008C2EC2 /* Assets.xcassets */; };
		C3E8B89D20E40019008C2EC2 /* LaunchScreen.storyboard in Resources */ = {isa = PBXBuildFile; fileRef = C3E8B89B20E40019008C2EC2 /* LaunchScreen.storyboard */; };
		C3E8B8A820E40019008C2EC2 /* TrafficSeguesTests.swift in Sources */ = {isa = PBXBuildFile; fileRef = C3E8B8A720E40019008C2EC2 /* TrafficSeguesTests.swift */; };
		C3E8B8B320E40019008C2EC2 /* TrafficSeguesUITests.swift in Sources */ = {isa = PBXBuildFile; fileRef = C3E8B8B220E40019008C2EC2 /* TrafficSeguesUITests.swift */; };
/* End PBXBuildFile section */

/* Begin PBXContainerItemProxy section */
		C3E8B8A420E40019008C2EC2 /* PBXContainerItemProxy */ = {
			isa = PBXContainerItemProxy;
			containerPortal = C3E8B88720E40019008C2EC2 /* Project object */;
			proxyType = 1;
			remoteGlobalIDString = C3E8B88E20E40019008C2EC2;
			remoteInfo = TrafficSegues;
		};
		C3E8B8AF20E40019008C2EC2 /* PBXContainerItemProxy */ = {
			isa = PBXContainerItemProxy;
			containerPortal = C3E8B88720E40019008C2EC2 /* Project object */;
			proxyType = 1;
			remoteGlobalIDString = C3E8B88E20E40019008C2EC2;
			remoteInfo = TrafficSegues;
		};
/* End PBXContainerItemProxy section */

/* Begin PBXFileReference section */
		C3E8B88F20E40019008C2EC2 /* TrafficSegues.app */ = {isa = PBXFileReference; explicitFileType = wrapper.application; includeInIndex = 0; path = TrafficSegues.app; sourceTree = BUILT_PRODUCTS_DIR; };
		C3E8B89220E40019008C2EC2 /* AppDelegate.swift */ = {isa = PBXFileReference; lastKnownFileType = sourcecode.swift; path = AppDelegate.swift; sourceTree = "<group>"; };
		C3E8B89420E40019008C2EC2 /* ViewController.swift */ = {isa = PBXFileReference; lastKnownFileType = sourcecode.swift; path = ViewController.swift; sourceTree = "<group>"; };
		C3E8B89720E40019008C2EC2 /* Base */ = {isa = PBXFileReference; lastKnownFileType = file.storyboard; name = Base; path = Base.lproj/Main.storyboard; sourceTree = "<group>"; };
		C3E8B89920E40019008C2EC2 /* Assets.xcassets */ = {isa = PBXFileReference; lastKnownFileType = folder.assetcatalog; path = Assets.xcassets; sourceTree = "<group>"; };
		C3E8B89C20E40019008C2EC2 /* Base */ = {isa = PBXFileReference; lastKnownFileType = file.storyboard; name = Base; path = Base.lproj/LaunchScreen.storyboard; sourceTree = "<group>"; };
		C3E8B89E20E40019008C2EC2 /* Info.plist */ = {isa = PBXFileReference; lastKnownFileType = text.plist.xml; path = Info.plist; sourceTree = "<group>"; };
		C3E8B8A320E40019008C2EC2 /* TrafficSeguesTests.xctest */ = {isa = PBXFileReference; explicitFileType = wrapper.cfbundle; includeInIndex = 0; path = TrafficSeguesTests.xctest; sourceTree = BUILT_PRODUCTS_DIR; };
		C3E8B8A720E40019008C2EC2 /* TrafficSeguesTests.swift */ = {isa = PBXFileReference; lastKnownFileType = sourcecode.swift; path = TrafficSeguesTests.swift; sourceTree = "<group>"; };
		C3E8B8A920E40019008C2EC2 /* Info.plist */ = {isa = PBXFileReference; lastKnownFileType = text.plist.xml; path = Info.plist; sourceTree = "<group>"; };
		C3E8B8AE20E40019008C2EC2 /* TrafficSeguesUITests.xctest */ = {isa = PBXFileReference; explicitFileType = wrapper.cfbundle; includeInIndex = 0; path = TrafficSeguesUITests.xctest; sourceTree = BUILT_PRODUCTS_DIR; };
		C3E8B8B220E40019008C2EC2 /* TrafficSeguesUITests.swift */ = {isa = PBXFileReference; lastKnownFileType = sourcecode.swift; path = TrafficSeguesUITests.swift; sourceTree = "<group>"; };
		C3E8B8B420E40019008C2EC2 /* Info.plist */ = {isa = PBXFileReference; lastKnownFileType = text.plist.xml; path = Info.plist; sourceTree = "<group>"; };
/* End PBXFileReference section */

/* Begin PBXFrameworksBuildPhase section */
		C3E8B88C20E40019008C2EC2 /* Frameworks */ = {
			isa = PBXFrameworksBuildPhase;
			buildActionMask = 2147483647;
			files = (
			);
			runOnlyForDeploymentPostprocessing = 0;
		};
		C3E8B8A020E40019008C2EC2 /* Frameworks */ = {
			isa = PBXFrameworksBuildPhase;
			buildActionMask = 2147483647;
			files = (
			);
			runOnlyForDeploymentPostprocessing = 0;
		};
		C3E8B8AB20E40019008C2EC2 /* Frameworks */ = {
			isa = PBXFrameworksBuildPhase;
			buildActionMask = 2147483647;
			files = (
			);
			runOnlyForDeploymentPostprocessing = 0;
		};
/* End PBXFrameworksBuildPhase section */

/* Begin PBXGroup section */
		C3E8B88620E40019008C2EC2 = {
			isa = PBXGroup;
			children = (
				C3E8B89120E40019008C2EC2 /* TrafficSegues */,
				C3E8B8A620E40019008C2EC2 /* TrafficSeguesTests */,
				C3E8B8B120E40019008C2EC2 /* TrafficSeguesUITests */,
				C3E8B89020E40019008C2EC2 /* Products */,
			);
			sourceTree = "<group>";
		};
		C3E8B89020E40019008C2EC2 /* Products */ = {
			isa = PBXGroup;
			children = (
				C3E8B88F20E40019008C2EC2 /* TrafficSegues.app */,
				C3E8B8A320E40019008C2EC2 /* TrafficSeguesTests.xctest */,
				C3E8B8AE20E40019008C2EC2 /* TrafficSeguesUITests.xctest */,
			);
			name = Products;
			sourceTree = "<group>";
		};
		C3E8B89120E40019008C2EC2 /* TrafficSegues */ = {
			isa = PBXGroup;
			children = (
				C3E8B89220E40019008C2EC2 /* AppDelegate.swift */,
				C3E8B89420E40019008C2EC2 /* ViewController.swift */,
				C3E8B89620E40019008C2EC2 /* Main.storyboard */,
				C3E8B89920E40019008C2EC2 /* Assets.xcassets */,
				C3E8B89B20E40019008C2EC2 /* LaunchScreen.storyboard */,
				C3E8B89E20E40019008C2EC2 /* Info.plist */,
			);
			path = TrafficSegues;
			sourceTree = "<group>";
		};
		C3E8B8A620E40019008C2EC2 /* TrafficSeguesTests */ = {
			isa = PBXGroup;
			children = (
				C3E8B8A720E40019008C2EC2 /* TrafficSeguesTests.swift */,
				C3E8B8A920E40019008C2EC2 /* Info.plist */,
			);
			path = TrafficSeguesTests;
			sourceTree = "<group>";
		};
		C3E8B8B120E40019008C2EC2 /* TrafficSeguesUITests */ = {
			isa = PBXGroup;
			children = (
				C3E8B8B220E40019008C2EC2 /* TrafficSeguesUITests.swift */,
				C3E8B8B420E40019008C2EC2 /* Info.plist */,
			);
			path = TrafficSeguesUITests;
			sourceTree = "<group>";
		};
/* End PBXGroup section */

/* Begin PBXNativeTarget section */
		C3E8B88E20E40019008C2EC2 /* TrafficSegues */ = {
			isa = PBXNativeTarget;
			buildConfigurationList = C3E8B8B720E40019008C2EC2 /* Build configuration list for PBXNativeTarget "TrafficSegues" */;
			buildPhases = (
				C3E8B88B20E40019008C2EC2 /* Sources */,
				C3E8B88C20E40019008C2EC2 /* Frameworks */,
				C3E8B88D20E40019008C2EC2 /* Resources */,
			);
			buildRules = (
			);
			dependencies = (
			);
			name = TrafficSegues;
			productName = TrafficSegues;
			productReference = C3E8B88F20E40019008C2EC2 /* TrafficSegues.app */;
			productType = "com.apple.product-type.application";
		};
		C3E8B8A220E40019008C2EC2 /* TrafficSeguesTests */ = {
			isa = PBXNativeTarget;
			buildConfigurationList = C3E8B8BA20E40019008C2EC2 /* Build configuration list for PBXNativeTarget "TrafficSeguesTests" */;
			buildPhases = (
				C3E8B89F20E40019008C2EC2 /* Sources */,
				C3E8B8A020E40019008C2EC2 /* Frameworks */,
				C3E8B8A120E40019008C2EC2 /* Resources */,
			);
			buildRules = (
			);
			dependencies = (
				C3E8B8A520E40019008C2EC2 /* PBXTargetDependency */,
			);
			name = TrafficSeguesTests;
			productName = TrafficSeguesTests;
			productReference = C3E8B8A320E40019008C2EC2 /* TrafficSeguesTests.xctest */;
			productType = "com.apple.product-type.bundle.unit-test";
		};
		C3E8B8AD20E40019008C2EC2 /* TrafficSeguesUITests */ = {
			isa = PBXNativeTarget;
			buildConfigurationList = C3E8B8BD20E40019008C2EC2 /* Build configuration list for PBXNativeTarget "TrafficSeguesUITests" */;
			buildPhases = (
				C3E8B8AA20E40019008C2EC2 /* Sources */,
				C3E8B8AB20E40019008C2EC2 /* Frameworks */,
				C3E8B8AC20E40019008C2EC2 /* Resources */,
			);
			buildRules = (
			);
			dependencies = (
				C3E8B8B020E40019008C2EC2 /* PBXTargetDependency */,
			);
			name = TrafficSeguesUITests;
			productName = TrafficSeguesUITests;
			productReference = C3E8B8AE20E40019008C2EC2 /* TrafficSeguesUITests.xctest */;
			productType = "com.apple.product-type.bundle.ui-testing";
		};
/* End PBXNativeTarget section */

/* Begin PBXProject section */
		C3E8B88720E40019008C2EC2 /* Project object */ = {
			isa = PBXProject;
			attributes = {
				LastSwiftUpdateCheck = 0920;
				LastUpgradeCheck = 0920;
				ORGANIZATIONNAME = Administrator;
				TargetAttributes = {
					C3E8B88E20E40019008C2EC2 = {
						CreatedOnToolsVersion = 9.2;
						ProvisioningStyle = Automatic;
					};
					C3E8B8A220E40019008C2EC2 = {
						CreatedOnToolsVersion = 9.2;
						ProvisioningStyle = Automatic;
						TestTargetID = C3E8B88E20E40019008C2EC2;
					};
					C3E8B8AD20E40019008C2EC2 = {
						CreatedOnToolsVersion = 9.2;
						ProvisioningStyle = Automatic;
						TestTargetID = C3E8B88E20E40019008C2EC2;
					};
				};
			};
			buildConfigurationList = C3E8B88A20E40019008C2EC2 /* Build configuration list for PBXProject "TrafficSegues" */;
			compatibilityVersion = "Xcode 8.0";
			developmentRegion = en;
			hasScannedForEncodings = 0;
			knownRegions = (
				en,
				Base,
			);
			mainGroup = C3E8B88620E40019008C2EC2;
			productRefGroup = C3E8B89020E40019008C2EC2 /* Products */;
			projectDirPath = "";
			projectRoot = "";
			targets = (
				C3E8B88E20E40019008C2EC2 /* TrafficSegues */,
				C3E8B8A220E40019008C2EC2 /* TrafficSeguesTests */,
				C3E8B8AD20E40019008C2EC2 /* TrafficSeguesUITests */,
			);
		};
/* End PBXProject section */

/* Begin PBXResourcesBuildPhase section */
		C3E8B88D20E40019008C2EC2 /* Resources */ = {
			isa = PBXResourcesBuildPhase;
			buildActionMask = 2147483647;
			files = (
				C3E8B89D20E40019008C2EC2 /* LaunchScreen.storyboard in Resources */,
				C3E8B89A20E40019008C2EC2 /* Assets.xcassets in Resources */,
				C3E8B89820E40019008C2EC2 /* Main.storyboard in Resources */,
			);
			runOnlyForDeploymentPostprocessing = 0;
		};
		C3E8B8A120E40019008C2EC2 /* Resources */ = {
			isa = PBXResourcesBuildPhase;
			buildActionMask = 2147483647;
			files = (
			);
			runOnlyForDeploymentPostprocessing = 0;
		};
		C3E8B8AC20E40019008C2EC2 /* Resources */ = {
			isa = PBXResourcesBuildPhase;
			buildActionMask = 2147483647;
			files = (
			);
			runOnlyForDeploymentPostprocessing = 0;
		};
/* End PBXResourcesBuildPhase section */

/* Begin PBXSourcesBuildPhase section */
		C3E8B88B20E40019008C2EC2 /* Sources */ = {
			isa = PBXSourcesBuildPhase;
			buildActionMask = 2147483647;
			files = (
				C3E8B89520E40019008C2EC2 /* ViewController.swift in Sources */,
				C3E8B89320E40019008C2EC2 /* AppDelegate.swift in Sources */,
			);
			runOnlyForDeploymentPostprocessing = 0;
		};
		C3E8B89F20E40019008C2EC2 /* Sources */ = {
			isa = PBXSourcesBuildPhase;
			buildActionMask = 2147483647;
			files = (
				C3E8B8A820E40019008C2EC2 /* TrafficSeguesTests.swift in Sources */,
			);
			runOnlyForDeploymentPostprocessing = 0;
		};
		C3E8B8AA20E40019008C2EC2 /* Sources */ = {
			isa = PBXSourcesBuildPhase;
			buildActionMask = 2147483647;
			files = (
				C3E8B8B320E40019008C2EC2 /* TrafficSeguesUITests.swift in Sources */,
			);
			runOnlyForDeploymentPostprocessing = 0;
		};
/* End PBXSourcesBuildPhase section */

/* Begin PBXTargetDependency section */
		C3E8B8A520E40019008C2EC2 /* PBXTargetDependency */ = {
			isa = PBXTargetDependency;
			target = C3E8B88E20E40019008C2EC2 /* TrafficSegues */;
			targetProxy = C3E8B8A420E40019008C2EC2 /* PBXContainerItemProxy */;
		};
		C3E8B8B020E40019008C2EC2 /* PBXTargetDependency */ = {
			isa = PBXTargetDependency;
			target = C3E8B88E20E40019008C2EC2 /* TrafficSegues */;
			targetProxy = C3E8B8AF20E40019008C2EC2 /* PBXContainerItemProxy */;
		};
/* End PBXTargetDependency section */

/* Begin PBXVariantGroup section */
		C3E8B89620E40019008C2EC2 /* Main.storyboard */ = {
			isa = PBXVariantGroup;
			children = (
				C3E8B89720E40019008C2EC2 /* Base */,
			);
			name = Main.storyboard;
			sourceTree = "<group>";
		};
		C3E8B89B20E40019008C2EC2 /* LaunchScreen.storyboard */ = {
			isa = PBXVariantGroup;
			children = (
				C3E8B89C20E40019008C2EC2 /* Base */,
			);
			name = LaunchScreen.storyboard;
			sourceTree = "<group>";
		};
/* End PBXVariantGroup section */

/* Begin XCBuildConfiguration section */
		C3E8B8B520E40019008C2EC2 /* Debug */ = {
			isa = XCBuildConfiguration;
			buildSettings = {
				ALWAYS_SEARCH_USER_PATHS = NO;
				CLANG_ANALYZER_NONNULL = YES;
				CLANG_ANALYZER_NUMBER_OBJECT_CONVERSION = YES_AGGRESSIVE;
				CLANG_CXX_LANGUAGE_STANDARD = "gnu++14";
				CLANG_CXX_LIBRARY = "libc++";
				CLANG_ENABLE_MODULES = YES;
				CLANG_ENABLE_OBJC_ARC = YES;
				CLANG_WARN_BLOCK_CAPTURE_AUTORELEASING = YES;
				CLANG_WARN_BOOL_CONVERSION = YES;
				CLANG_WARN_COMMA = YES;
				CLANG_WARN_CONSTANT_CONVERSION = YES;
				CLANG_WARN_DIRECT_OBJC_ISA_USAGE = YES_ERROR;
				CLANG_WARN_DOCUMENTATION_COMMENTS = YES;
				CLANG_WARN_EMPTY_BODY = YES;
				CLANG_WARN_ENUM_CONVERSION = YES;
				CLANG_WARN_INFINITE_RECURSION = YES;
				CLANG_WARN_INT_CONVERSION = YES;
				CLANG_WARN_NON_LITERAL_NULL_CONVERSION = YES;
				CLANG_WARN_OBJC_LITERAL_CONVERSION = YES;
				CLANG_WARN_OBJC_ROOT_CLASS = YES_ERROR;
				CLANG_WARN_RANGE_LOOP_ANALYSIS = YES;
				CLANG_WARN_STRICT_PROTOTYPES = YES;
				CLANG_WARN_SUSPICIOUS_MOVE = YES;
				CLANG_WARN_UNGUARDED_AVAILABILITY = YES_AGGRESSIVE;
				CLANG_WARN_UNREACHABLE_CODE = YES;
				CLANG_WARN__DUPLICATE_METHOD_MATCH = YES;
				CODE_SIGN_IDENTITY = "iPhone Developer";
				COPY_PHASE_STRIP = NO;
				DEBUG_INFORMATION_FORMAT = dwarf;
				ENABLE_STRICT_OBJC_MSGSEND = YES;
				ENABLE_TESTABILITY = YES;
				GCC_C_LANGUAGE_STANDARD = gnu11;
				GCC_DYNAMIC_NO_PIC = NO;
				GCC_NO_COMMON_BLOCKS = YES;
				GCC_OPTIMIZATION_LEVEL = 0;
				GCC_PREPROCESSOR_DEFINITIONS = (
					"DEBUG=1",
					"$(inherited)",
				);
				GCC_WARN_64_TO_32_BIT_CONVERSION = YES;
				GCC_WARN_ABOUT_RETURN_TYPE = YES_ERROR;
				GCC_WARN_UNDECLARED_SELECTOR = YES;
				GCC_WARN_UNINITIALIZED_AUTOS = YES_AGGRESSIVE;
				GCC_WARN_UNUSED_FUNCTION = YES;
				GCC_WARN_UNUSED_VARIABLE = YES;
				IPHONEOS_DEPLOYMENT_TARGET = 11.2;
				MTL_ENABLE_DEBUG_INFO = YES;
				ONLY_ACTIVE_ARCH = YES;
				SDKROOT = iphoneos;
				SWIFT_ACTIVE_COMPILATION_CONDITIONS = DEBUG;
				SWIFT_OPTIMIZATION_LEVEL = "-Onone";
			};
			name = Debug;
		};
		C3E8B8B620E40019008C2EC2 /* Release */ = {
			isa = XCBuildConfiguration;
			buildSettings = {
				ALWAYS_SEARCH_USER_PATHS = NO;
				CLANG_ANALYZER_NONNULL = YES;
				CLANG_ANALYZER_NUMBER_OBJECT_CONVERSION = YES_AGGRESSIVE;
				CLANG_CXX_LANGUAGE_STANDARD = "gnu++14";
				CLANG_CXX_LIBRARY = "libc++";
				CLANG_ENABLE_MODULES = YES;
				CLANG_ENABLE_OBJC_ARC = YES;
				CLANG_WARN_BLOCK_CAPTURE_AUTORELEASING = YES;
				CLANG_WARN_BOOL_CONVERSION = YES;
				CLANG_WARN_COMMA = YES;
				CLANG_WARN_CONSTANT_CONVERSION = YES;
				CLANG_WARN_DIRECT_OBJC_ISA_USAGE = YES_ERROR;
				CLANG_WARN_DOCUMENTATION_COMMENTS = YES;
				CLANG_WARN_EMPTY_BODY = YES;
				CLANG_WARN_ENUM_CONVERSION = YES;
				CLANG_WARN_INFINITE_RECURSION = YES;
				CLANG_WARN_INT_CONVERSION = YES;
				CLANG_WARN_NON_LITERAL_NULL_CONVERSION = YES;
				CLANG_WARN_OBJC_LITERAL_CONVERSION = YES;
				CLANG_WARN_OBJC_ROOT_CLASS = YES_ERROR;
				CLANG_WARN_RANGE_LOOP_ANALYSIS = YES;
				CLANG_WARN_STRICT_PROTOTYPES = YES;
				CLANG_WARN_SUSPICIOUS_MOVE = YES;
				CLANG_WARN_UNGUARDED_AVAILABILITY = YES_AGGRESSIVE;
				CLANG_WARN_UNREACHABLE_CODE = YES;
				CLANG_WARN__DUPLICATE_METHOD_MATCH = YES;
				CODE_SIGN_IDENTITY = "iPhone Developer";
				COPY_PHASE_STRIP = NO;
				DEBUG_INFORMATION_FORMAT = "dwarf-with-dsym";
				ENABLE_NS_ASSERTIONS = NO;
				ENABLE_STRICT_OBJC_MSGSEND = YES;
				GCC_C_LANGUAGE_STANDARD = gnu11;
				GCC_NO_COMMON_BLOCKS = YES;
				GCC_WARN_64_TO_32_BIT_CONVERSION = YES;
				GCC_WARN_ABOUT_RETURN_TYPE = YES_ERROR;
				GCC_WARN_UNDECLARED_SELECTOR = YES;
				GCC_WARN_UNINITIALIZED_AUTOS = YES_AGGRESSIVE;
				GCC_WARN_UNUSED_FUNCTION = YES;
				GCC_WARN_UNUSED_VARIABLE = YES;
				IPHONEOS_DEPLOYMENT_TARGET = 11.2;
				MTL_ENABLE_DEBUG_INFO = NO;
				SDKROOT = iphoneos;
				SWIFT_OPTIMIZATION_LEVEL = "-Owholemodule";
				VALIDATE_PRODUCT = YES;
			};
			name = Release;
		};
		C3E8B8B820E40019008C2EC2 /* Debug */ = {
			isa = XCBuildConfiguration;
			buildSettings = {
				ASSETCATALOG_COMPILER_APPICON_NAME = AppIcon;
				CODE_SIGN_STYLE = Automatic;
				INFOPLIST_FILE = TrafficSegues/Info.plist;
				LD_RUNPATH_SEARCH_PATHS = "$(inherited) @executable_path/Frameworks";
				PRODUCT_BUNDLE_IDENTIFIER = gmfiga.TrafficSegues;
				PRODUCT_NAME = "$(TARGET_NAME)";
				SWIFT_VERSION = 4.0;
				TARGETED_DEVICE_FAMILY = "1,2";
			};
			name = Debug;
		};
		C3E8B8B920E40019008C2EC2 /* Release */ = {
			isa = XCBuildConfiguration;
			buildSettings = {
				ASSETCATALOG_COMPILER_APPICON_NAME = AppIcon;
				CODE_SIGN_STYLE = Automatic;
				INFOPLIST_FILE = TrafficSegues/Info.plist;
				LD_RUNPATH_SEARCH_PATHS = "$(inherited) @executable_path/Frameworks";
				PRODUCT_BUNDLE_IDENTIFIER = gmfiga.TrafficSegues;
				PRODUCT_NAME = "$(TARGET_NAME)";
				SWIFT_VERSION = 4.0;
				TARGETED_DEVICE_FAMILY = "1,2";
			};
			name = Release;
		};
		C3E8B8BB20E40019008C2EC2 /* Debug */ = {
			isa = XCBuildConfiguration;
			buildSettings = {
				ALWAYS_EMBED_SWIFT_STANDARD_LIBRARIES = YES;
				BUNDLE_LOADER = "$(TEST_HOST)";
				CODE_SIGN_STYLE = Automatic;
				INFOPLIST_FILE = TrafficSeguesTests/Info.plist;
				LD_RUNPATH_SEARCH_PATHS = "$(inherited) @executable_path/Frameworks @loader_path/Frameworks";
				PRODUCT_BUNDLE_IDENTIFIER = gmfiga.TrafficSeguesTests;
				PRODUCT_NAME = "$(TARGET_NAME)";
				SWIFT_VERSION = 4.0;
				TARGETED_DEVICE_FAMILY = "1,2";
				TEST_HOST = "$(BUILT_PRODUCTS_DIR)/TrafficSegues.app/TrafficSegues";
			};
			name = Debug;
		};
		C3E8B8BC20E40019008C2EC2 /* Release */ = {
			isa = XCBuildConfiguration;
			buildSettings = {
				ALWAYS_EMBED_SWIFT_STANDARD_LIBRARIES = YES;
				BUNDLE_LOADER = "$(TEST_HOST)";
				CODE_SIGN_STYLE = Automatic;
				INFOPLIST_FILE = TrafficSeguesTests/Info.plist;
				LD_RUNPATH_SEARCH_PATHS = "$(inherited) @executable_path/Frameworks @loader_path/Frameworks";
				PRODUCT_BUNDLE_IDENTIFIER = gmfiga.TrafficSeguesTests;
				PRODUCT_NAME = "$(TARGET_NAME)";
				SWIFT_VERSION = 4.0;
				TARGETED_DEVICE_FAMILY = "1,2";
				TEST_HOST = "$(BUILT_PRODUCTS_DIR)/TrafficSegues.app/TrafficSegues";
			};
			name = Release;
		};
		C3E8B8BE20E40019008C2EC2 /* Debug */ = {
			isa = XCBuildConfiguration;
			buildSettings = {
				ALWAYS_EMBED_SWIFT_STANDARD_LIBRARIES = YES;
				CODE_SIGN_STYLE = Automatic;
				INFOPLIST_FILE = TrafficSeguesUITests/Info.plist;
				LD_RUNPATH_SEARCH_PATHS = "$(inherited) @executable_path/Frameworks @loader_path/Frameworks";
				PRODUCT_BUNDLE_IDENTIFIER = gmfiga.TrafficSeguesUITests;
				PRODUCT_NAME = "$(TARGET_NAME)";
				SWIFT_VERSION = 4.0;
				TARGETED_DEVICE_FAMILY = "1,2";
				TEST_TARGET_NAME = TrafficSegues;
			};
			name = Debug;
		};
		C3E8B8BF20E40019008C2EC2 /* Release */ = {
			isa = XCBuildConfiguration;
			buildSettings = {
				ALWAYS_EMBED_SWIFT_STANDARD_LIBRARIES = YES;
				CODE_SIGN_STYLE = Automatic;
				INFOPLIST_FILE = TrafficSeguesUITests/Info.plist;
				LD_RUNPATH_SEARCH_PATHS = "$(inherited) @executable_path/Frameworks @loader_path/Frameworks";
				PRODUCT_BUNDLE_IDENTIFIER = gmfiga.TrafficSeguesUITests;
				PRODUCT_NAME = "$(TARGET_NAME)";
				SWIFT_VERSION = 4.0;
				TARGETED_DEVICE_FAMILY = "1,2";
				TEST_TARGET_NAME = TrafficSegues;
			};
			name = Release;
		};
/* End XCBuildConfiguration section */

/* Begin XCConfigurationList section */
		C3E8B88A20E40019008C2EC2 /* Build configuration list for PBXProject "TrafficSegues" */ = {
			isa = XCConfigurationList;
			buildConfigurations = (
				C3E8B8B520E40019008C2EC2 /* Debug */,
				C3E8B8B620E40019008C2EC2 /* Release */,
			);
			defaultConfigurationIsVisible = 0;
			defaultConfigurationName = Release;
		};
		C3E8B8B720E40019008C2EC2 /* Build configuration list for PBXNativeTarget "TrafficSegues" */ = {
			isa = XCConfigurationList;
			buildConfigurations = (
				C3E8B8B820E40019008C2EC2 /* Debug */,
				C3E8B8B920E40019008C2EC2 /* Release */,
			);
			defaultConfigurationIsVisible = 0;
			defaultConfigurationName = Release;
		};
		C3E8B8BA20E40019008C2EC2 /* Build configuration list for PBXNativeTarget "TrafficSeguesTests" */ = {
			isa = XCConfigurationList;
			buildConfigurations = (
				C3E8B8BB20E40019008C2EC2 /* Debug */,
				C3E8B8BC20E40019008C2EC2 /* Release */,
			);
			defaultConfigurationIsVisible = 0;
			defaultConfigurationName = Release;
		};
		C3E8B8BD20E40019008C2EC2 /* Build configuration list for PBXNativeTarget "TrafficSeguesUITests" */ = {
			isa = XCConfigurationList;
			buildConfigurations = (
				C3E8B8BE20E40019008C2EC2 /* Debug */,
				C3E8B8BF20E40019008C2EC2 /* Release */,
			);
			defaultConfigurationIsVisible = 0;
			defaultConfigurationName = Release;
		};
/* End XCConfigurationList section */
	};
	rootObject = C3E8B88720E40019008C2EC2 /* Project object */;
}
